
Microsoft Visual Studio Solution File, Format Version 12.00
# Visual Studio Version 16
VisualStudioVersion = 16.0.30406.217
MinimumVisualStudioVersion = 10.0.40219.1
Project("{FAE04EC0-301F-11D3-BF4B-00C04F79EFBC}") = "Negocio", "Negocio\Negocio.csproj", "{2DD694BE-3E43-492E-B7B1-DCAD475D9386}"
EndProject
Project("{FAE04EC0-301F-11D3-BF4B-00C04F79EFBC}") = "Dominio", "Dominio\Dominio.csproj", "{656763D8-024B-487E-9AE4-794FC66102D5}"
EndProject
Project("{FAE04EC0-301F-11D3-BF4B-00C04F79EFBC}") = "WebPresentacion", "WebPresentacion\WebPresentacion.csproj", "{61327C75-5960-4B36-8B4A-983C3D7FE52E}"
EndProject
Global
	GlobalSection(SolutionConfigurationPlatforms) = preSolution
		Debug|Any CPU = Debug|Any CPU
		Release|Any CPU = Release|Any CPU
	EndGlobalSection
	GlobalSection(ProjectConfigurationPlatforms) = postSolution
		{2DD694BE-3E43-492E-B7B1-DCAD475D9386}.Debug|Any CPU.ActiveCfg = Debug|Any CPU
		{2DD694BE-3E43-492E-B7B1-DCAD475D9386}.Debug|Any CPU.Build.0 = Debug|Any CPU
		{2DD694BE-3E43-492E-B7B1-DCAD475D9386}.Release|Any CPU.ActiveCfg = Release|Any CPU
		{2DD694BE-3E43-492E-B7B1-DCAD475D9386}.Release|Any CPU.Build.0 = Release|Any CPU
		{656763D8-024B-487E-9AE4-794FC66102D5}.Debug|Any CPU.ActiveCfg = Debug|Any CPU
		{656763D8-024B-487E-9AE4-794FC66102D5}.Debug|Any CPU.Build.0 = Debug|Any CPU
		{656763D8-024B-487E-9AE4-794FC66102D5}.Release|Any CPU.ActiveCfg = Release|Any CPU
		{656763D8-024B-487E-9AE4-794FC66102D5}.Release|Any CPU.Build.0 = Release|Any CPU
		{61327C75-5960-4B36-8B4A-983C3D7FE52E}.Debug|Any CPU.ActiveCfg = Debug|Any CPU
		{61327C75-5960-4B36-8B4A-983C3D7FE52E}.Debug|Any CPU.Build.0 = Debug|Any CPU
		{61327C75-5960-4B36-8B4A-983C3D7FE52E}.Release|Any CPU.ActiveCfg = Release|Any CPU
		{61327C75-5960-4B36-8B4A-983C3D7FE52E}.Release|Any CPU.Build.0 = Release|Any CPU
	EndGlobalSection
	GlobalSection(SolutionProperties) = preSolution
		HideSolutionNode = FALSE
	EndGlobalSection
	GlobalSection(ExtensibilityGlobals) = postSolution
		SolutionGuid = {962E131D-57BE-4F97-BA37-3197D43FCFFC}
	EndGlobalSection
EndGlobal
