
Microsoft Visual Studio Solution File, Format Version 12.00
# Visual Studio Version 16
VisualStudioVersion = 16.0.31321.278
MinimumVisualStudioVersion = 10.0.40219.1
Project("{FAE04EC0-301F-11D3-BF4B-00C04F79EFBC}") = "PresentacionWeb", "PresentacionWeb.csproj", "{5B32E1E0-E017-4191-8ED1-8D752A2A142A}"
EndProject
Project("{FAE04EC0-301F-11D3-BF4B-00C04F79EFBC}") = "Dominio", "..\Dominio\Dominio.csproj", "{656763D8-024B-487E-9AE4-794FC66102D5}"
EndProject
Project("{FAE04EC0-301F-11D3-BF4B-00C04F79EFBC}") = "Negocio", "..\Negocio\Negocio.csproj", "{2DD694BE-3E43-492E-B7B1-DCAD475D9386}"
EndProject
Global
	GlobalSection(SolutionConfigurationPlatforms) = preSolution
		Debug|Any CPU = Debug|Any CPU
		Release|Any CPU = Release|Any CPU
	EndGlobalSection
	GlobalSection(ProjectConfigurationPlatforms) = postSolution
		{5B32E1E0-E017-4191-8ED1-8D752A2A142A}.Debug|Any CPU.ActiveCfg = Debug|Any CPU
		{5B32E1E0-E017-4191-8ED1-8D752A2A142A}.Debug|Any CPU.Build.0 = Debug|Any CPU
		{5B32E1E0-E017-4191-8ED1-8D752A2A142A}.Release|Any CPU.ActiveCfg = Release|Any CPU
		{5B32E1E0-E017-4191-8ED1-8D752A2A142A}.Release|Any CPU.Build.0 = Release|Any CPU
		{656763D8-024B-487E-9AE4-794FC66102D5}.Debug|Any CPU.ActiveCfg = Debug|Any CPU
		{656763D8-024B-487E-9AE4-794FC66102D5}.Debug|Any CPU.Build.0 = Debug|Any CPU
		{656763D8-024B-487E-9AE4-794FC66102D5}.Release|Any CPU.ActiveCfg = Release|Any CPU
		{656763D8-024B-487E-9AE4-794FC66102D5}.Release|Any CPU.Build.0 = Release|Any CPU
		{2DD694BE-3E43-492E-B7B1-DCAD475D9386}.Debug|Any CPU.ActiveCfg = Debug|Any CPU
		{2DD694BE-3E43-492E-B7B1-DCAD475D9386}.Debug|Any CPU.Build.0 = Debug|Any CPU
		{2DD694BE-3E43-492E-B7B1-DCAD475D9386}.Release|Any CPU.ActiveCfg = Release|Any CPU
		{2DD694BE-3E43-492E-B7B1-DCAD475D9386}.Release|Any CPU.Build.0 = Release|Any CPU
	EndGlobalSection
	GlobalSection(SolutionProperties) = preSolution
		HideSolutionNode = FALSE
	EndGlobalSection
	GlobalSection(ExtensibilityGlobals) = postSolution
		SolutionGuid = {B2A944D2-52CD-4869-A6EA-EB4E09DD54AD}
	EndGlobalSection
EndGlobal
